
Microsoft Visual Studio Solution File, Format Version 12.00
# Visual Studio Version 17
VisualStudioVersion = 17.4.33213.308
MinimumVisualStudioVersion = 10.0.40219.1
Project("{2150E333-8FDC-42A3-9474-1A3956D46DE8}") = "SharedKernel", "SharedKernel", "{4F4B495F-FAC6-49D6-99EB-C961DD8B1F74}"
EndProject
Project("{2150E333-8FDC-42A3-9474-1A3956D46DE8}") = "Solution Items", "Solution Items", "{EB1992A9-2200-42D6-A800-110B40BB07E3}"
	ProjectSection(SolutionItems) = preProject
		..\..\SampleMicroservice\SampleMicroservice\SampleMicroservice\Directory.Build.props = ..\..\SampleMicroservice\SampleMicroservice\SampleMicroservice\Directory.Build.props
		..\..\SampleMicroservice\SampleMicroservice\SampleMicroservice\Directory.Build.targets = ..\..\SampleMicroservice\SampleMicroservice\SampleMicroservice\Directory.Build.targets
	EndProjectSection
EndProject
Project("{2150E333-8FDC-42A3-9474-1A3956D46DE8}") = "src", "src", "{CF9A6345-4228-4AC5-9ABB-8486F74FB754}"
EndProject
Project("{2150E333-8FDC-42A3-9474-1A3956D46DE8}") = "test", "test", "{2E85341B-7929-476F-848D-D519100017F5}"
EndProject
Project("{2150E333-8FDC-42A3-9474-1A3956D46DE8}") = "Application", "Application", "{4AC51FE6-8EAD-4898-96E3-AEC72A66655F}"
EndProject
Project("{2150E333-8FDC-42A3-9474-1A3956D46DE8}") = "Domain", "Domain", "{C5B9E9D1-E117-4187-9F13-BF49440F1A30}"
EndProject
Project("{2150E333-8FDC-42A3-9474-1A3956D46DE8}") = "Infrastructure", "Infrastructure", "{C110F908-7791-496B-8BFD-ED1E2AEF4D61}"
EndProject
Project("{2150E333-8FDC-42A3-9474-1A3956D46DE8}") = "Presentation", "Presentation", "{87C5572D-709A-4BB1-A351-C373D0F67B23}"
EndProject
Project("{9A19103F-16F7-4668-BE54-9A1E7A4F7556}") = "Mc2.CrudTest.Presentation.Server", "src\Presentation\Server\Mc2.CrudTest.Presentation.Server.csproj", "{4B171201-CAE2-4F5B-8ABC-0FD428F1A9D5}"
EndProject
Project("{9A19103F-16F7-4668-BE54-9A1E7A4F7556}") = "Mc2.CrudTest.Presentation.Client", "src\Presentation\Client\Mc2.CrudTest.Presentation.Client.csproj", "{C5AA8913-9B0C-42BC-8CC7-8646ACE12409}"
EndProject
Project("{9A19103F-16F7-4668-BE54-9A1E7A4F7556}") = "Mc2.CrudTest.Presentation.Shared", "SharedKernel\Shared\Mc2.CrudTest.Presentation.Shared.csproj", "{DF446CAC-E905-413B-9218-F67B2C0E423A}"
EndProject
Project("{9A19103F-16F7-4668-BE54-9A1E7A4F7556}") = "Mc2.CrudTest.AcceptanceTests", "test\Mc2.CrudTest.AcceptanceTests\Mc2.CrudTest.AcceptanceTests.csproj", "{BBE6CA6D-2AF3-4F87-B3DD-BC587184C84E}"
EndProject
Project("{FAE04EC0-301F-11D3-BF4B-00C04F79EFBC}") = "Mc2.CrudTest.Domain", "src\Domain\Mc2.CrudTest.Domain\Mc2.CrudTest.Domain.csproj", "{4B28B0CA-AD3A-4DDC-8324-64B232563104}"
EndProject
Project("{FAE04EC0-301F-11D3-BF4B-00C04F79EFBC}") = "Mc2.CrudTest.Domain.Contract", "src\Domain\Mc2.CrudTest.Domain.Contract\Mc2.CrudTest.Domain.Contract.csproj", "{6456A324-3EA5-4DD1-B4D1-74C5172A73DE}"
EndProject
Project("{FAE04EC0-301F-11D3-BF4B-00C04F79EFBC}") = "Mc2.CrudTest.Application", "src\Application\Mc2.CrudTest.Application\Mc2.CrudTest.Application.csproj", "{E819DC1D-9C7C-426F-B360-ADCA362B68A7}"
EndProject
Project("{FAE04EC0-301F-11D3-BF4B-00C04F79EFBC}") = "Mc2.CrudTest.Application.Contract", "src\Application\Mc2.CrudTest.Application.Contract\Mc2.CrudTest.Application.Contract.csproj", "{83BB3B60-91A4-4024-AF2F-3ADD8C4A942C}"
EndProject
Project("{2150E333-8FDC-42A3-9474-1A3956D46DE8}") = "Persistence", "Persistence", "{15C9BA3E-023D-4F7D-BD08-7AF3929573AD}"
EndProject
Project("{FAE04EC0-301F-11D3-BF4B-00C04F79EFBC}") = "Mc2.CrudTest.Persistence.EntityFramework", "src\Infrastructure\Persistence\Mc2.CrudTest.Persistence.EntityFramework\Mc2.CrudTest.Persistence.EntityFramework.csproj", "{4074D5FB-000F-4622-A7DA-FFEA131E88D2}"
EndProject
Global
	GlobalSection(SolutionConfigurationPlatforms) = preSolution
		Debug|Any CPU = Debug|Any CPU
		Release|Any CPU = Release|Any CPU
	EndGlobalSection
	GlobalSection(ProjectConfigurationPlatforms) = postSolution
		{4B171201-CAE2-4F5B-8ABC-0FD428F1A9D5}.Debug|Any CPU.ActiveCfg = Debug|Any CPU
		{4B171201-CAE2-4F5B-8ABC-0FD428F1A9D5}.Debug|Any CPU.Build.0 = Debug|Any CPU
		{4B171201-CAE2-4F5B-8ABC-0FD428F1A9D5}.Release|Any CPU.ActiveCfg = Release|Any CPU
		{4B171201-CAE2-4F5B-8ABC-0FD428F1A9D5}.Release|Any CPU.Build.0 = Release|Any CPU
		{C5AA8913-9B0C-42BC-8CC7-8646ACE12409}.Debug|Any CPU.ActiveCfg = Debug|Any CPU
		{C5AA8913-9B0C-42BC-8CC7-8646ACE12409}.Debug|Any CPU.Build.0 = Debug|Any CPU
		{C5AA8913-9B0C-42BC-8CC7-8646ACE12409}.Release|Any CPU.ActiveCfg = Release|Any CPU
		{C5AA8913-9B0C-42BC-8CC7-8646ACE12409}.Release|Any CPU.Build.0 = Release|Any CPU
		{DF446CAC-E905-413B-9218-F67B2C0E423A}.Debug|Any CPU.ActiveCfg = Debug|Any CPU
		{DF446CAC-E905-413B-9218-F67B2C0E423A}.Debug|Any CPU.Build.0 = Debug|Any CPU
		{DF446CAC-E905-413B-9218-F67B2C0E423A}.Release|Any CPU.ActiveCfg = Release|Any CPU
		{DF446CAC-E905-413B-9218-F67B2C0E423A}.Release|Any CPU.Build.0 = Release|Any CPU
		{BBE6CA6D-2AF3-4F87-B3DD-BC587184C84E}.Debug|Any CPU.ActiveCfg = Debug|Any CPU
		{BBE6CA6D-2AF3-4F87-B3DD-BC587184C84E}.Debug|Any CPU.Build.0 = Debug|Any CPU
		{BBE6CA6D-2AF3-4F87-B3DD-BC587184C84E}.Release|Any CPU.ActiveCfg = Release|Any CPU
		{BBE6CA6D-2AF3-4F87-B3DD-BC587184C84E}.Release|Any CPU.Build.0 = Release|Any CPU
		{4B28B0CA-AD3A-4DDC-8324-64B232563104}.Debug|Any CPU.ActiveCfg = Debug|Any CPU
		{4B28B0CA-AD3A-4DDC-8324-64B232563104}.Debug|Any CPU.Build.0 = Debug|Any CPU
		{4B28B0CA-AD3A-4DDC-8324-64B232563104}.Release|Any CPU.ActiveCfg = Release|Any CPU
		{4B28B0CA-AD3A-4DDC-8324-64B232563104}.Release|Any CPU.Build.0 = Release|Any CPU
		{6456A324-3EA5-4DD1-B4D1-74C5172A73DE}.Debug|Any CPU.ActiveCfg = Debug|Any CPU
		{6456A324-3EA5-4DD1-B4D1-74C5172A73DE}.Debug|Any CPU.Build.0 = Debug|Any CPU
		{6456A324-3EA5-4DD1-B4D1-74C5172A73DE}.Release|Any CPU.ActiveCfg = Release|Any CPU
		{6456A324-3EA5-4DD1-B4D1-74C5172A73DE}.Release|Any CPU.Build.0 = Release|Any CPU
		{E819DC1D-9C7C-426F-B360-ADCA362B68A7}.Debug|Any CPU.ActiveCfg = Debug|Any CPU
		{E819DC1D-9C7C-426F-B360-ADCA362B68A7}.Debug|Any CPU.Build.0 = Debug|Any CPU
		{E819DC1D-9C7C-426F-B360-ADCA362B68A7}.Release|Any CPU.ActiveCfg = Release|Any CPU
		{E819DC1D-9C7C-426F-B360-ADCA362B68A7}.Release|Any CPU.Build.0 = Release|Any CPU
		{83BB3B60-91A4-4024-AF2F-3ADD8C4A942C}.Debug|Any CPU.ActiveCfg = Debug|Any CPU
		{83BB3B60-91A4-4024-AF2F-3ADD8C4A942C}.Debug|Any CPU.Build.0 = Debug|Any CPU
		{83BB3B60-91A4-4024-AF2F-3ADD8C4A942C}.Release|Any CPU.ActiveCfg = Release|Any CPU
		{83BB3B60-91A4-4024-AF2F-3ADD8C4A942C}.Release|Any CPU.Build.0 = Release|Any CPU
		{4074D5FB-000F-4622-A7DA-FFEA131E88D2}.Debug|Any CPU.ActiveCfg = Debug|Any CPU
		{4074D5FB-000F-4622-A7DA-FFEA131E88D2}.Debug|Any CPU.Build.0 = Debug|Any CPU
		{4074D5FB-000F-4622-A7DA-FFEA131E88D2}.Release|Any CPU.ActiveCfg = Release|Any CPU
		{4074D5FB-000F-4622-A7DA-FFEA131E88D2}.Release|Any CPU.Build.0 = Release|Any CPU
	EndGlobalSection
	GlobalSection(SolutionProperties) = preSolution
		HideSolutionNode = FALSE
	EndGlobalSection
	GlobalSection(NestedProjects) = preSolution
		{4AC51FE6-8EAD-4898-96E3-AEC72A66655F} = {CF9A6345-4228-4AC5-9ABB-8486F74FB754}
		{C5B9E9D1-E117-4187-9F13-BF49440F1A30} = {CF9A6345-4228-4AC5-9ABB-8486F74FB754}
		{C110F908-7791-496B-8BFD-ED1E2AEF4D61} = {CF9A6345-4228-4AC5-9ABB-8486F74FB754}
		{87C5572D-709A-4BB1-A351-C373D0F67B23} = {CF9A6345-4228-4AC5-9ABB-8486F74FB754}
		{4B171201-CAE2-4F5B-8ABC-0FD428F1A9D5} = {87C5572D-709A-4BB1-A351-C373D0F67B23}
		{C5AA8913-9B0C-42BC-8CC7-8646ACE12409} = {87C5572D-709A-4BB1-A351-C373D0F67B23}
		{DF446CAC-E905-413B-9218-F67B2C0E423A} = {4F4B495F-FAC6-49D6-99EB-C961DD8B1F74}
		{BBE6CA6D-2AF3-4F87-B3DD-BC587184C84E} = {2E85341B-7929-476F-848D-D519100017F5}
		{4B28B0CA-AD3A-4DDC-8324-64B232563104} = {C5B9E9D1-E117-4187-9F13-BF49440F1A30}
		{6456A324-3EA5-4DD1-B4D1-74C5172A73DE} = {C5B9E9D1-E117-4187-9F13-BF49440F1A30}
		{E819DC1D-9C7C-426F-B360-ADCA362B68A7} = {4AC51FE6-8EAD-4898-96E3-AEC72A66655F}
		{83BB3B60-91A4-4024-AF2F-3ADD8C4A942C} = {4AC51FE6-8EAD-4898-96E3-AEC72A66655F}
		{15C9BA3E-023D-4F7D-BD08-7AF3929573AD} = {C110F908-7791-496B-8BFD-ED1E2AEF4D61}
		{4074D5FB-000F-4622-A7DA-FFEA131E88D2} = {15C9BA3E-023D-4F7D-BD08-7AF3929573AD}
	EndGlobalSection
	GlobalSection(ExtensibilityGlobals) = postSolution
		SolutionGuid = {4B5A26C9-68C1-49D9-9F32-AF907A1730C2}
	EndGlobalSection
EndGlobal
